
Microsoft Visual Studio Solution File, Format Version 12.00
# Visual Studio Version 17
VisualStudioVersion = 17.13.35931.197 d17.13
MinimumVisualStudioVersion = 10.0.40219.1
Project("{FAE04EC0-301F-11D3-BF4B-00C04F79EFBC}") = "Command Line Blackjack", "Command Line Blackjack\Command Line Blackjack.csproj", "{84A9E2AF-2B42-4579-8C0E-7B0958ED863C}"
EndProject
Global
	GlobalSection(SolutionConfigurationPlatforms) = preSolution
		Debug|Any CPU = Debug|Any CPU
		Release|Any CPU = Release|Any CPU
	EndGlobalSection
	GlobalSection(ProjectConfigurationPlatforms) = postSolution
		{84A9E2AF-2B42-4579-8C0E-7B0958ED863C}.Debug|Any CPU.ActiveCfg = Debug|Any CPU
		{84A9E2AF-2B42-4579-8C0E-7B0958ED863C}.Debug|Any CPU.Build.0 = Debug|Any CPU
		{84A9E2AF-2B42-4579-8C0E-7B0958ED863C}.Release|Any CPU.ActiveCfg = Release|Any CPU
		{84A9E2AF-2B42-4579-8C0E-7B0958ED863C}.Release|Any CPU.Build.0 = Release|Any CPU
	EndGlobalSection
	GlobalSection(SolutionProperties) = preSolution
		HideSolutionNode = FALSE
	EndGlobalSection
	GlobalSection(ExtensibilityGlobals) = postSolution
		SolutionGuid = {5502D36A-E2CF-4A7D-9CBA-E4FE361010BE}
	EndGlobalSection
EndGlobal
